# THIS IS AN AUTOGENERATED FILE. DO NOT EDIT THIS FILE DIRECTLY.
# yarn lockfile v1


"@webcomponents/template-shadowroot@^0.1.0":
  version "0.1.0"
  resolved "https://registry.yarnpkg.com/@webcomponents/template-shadowroot/-/template-shadowroot-0.1.0.tgz#adb3438d0d9a18e8fced08abc253f56b7eadab00"
  integrity sha512-ry84Vft6xtRBbd4M/ptRodbOLodV5AD15TYhyRghCRgIcJJKmYmJ2v2BaaWxygENwh6Uq3zTfGPmlckKT/GXsQ==

colors@^1.4.0:
  version "1.4.0"
  resolved "https://registry.yarnpkg.com/colors/-/colors-1.4.0.tgz#c50491479d4c1bdaed2c9ced32cf7c7dc2360f78"
  integrity sha512-a+UqTh4kgZg/SlGvfbzDHpgRu7AAQOmmqRHJnxhRZICKFUT91brVhNNt58CMWU9PsBbv3PDCZUHbVxuDiH2mtA==

esbuild@^0.12:
  version "0.12.29"
  resolved "https://registry.yarnpkg.com/esbuild/-/esbuild-0.12.29.tgz#be602db7c4dc78944a9dbde0d1ea19d36c1f882d"
  integrity sha512-w/XuoBCSwepyiZtIRsKsetiLDUVGPVw1E/R3VTFSecIy8UR7Cq3SOtwKHJMFoVqqVG36aGkzh4e8BvpO1Fdc7g==
